// !$*UTF8*$!
{
	archiveVersion = 1;
	classes = {
	};
	objectVersion = 46;
	objects = {

/* Begin PBXBuildFile section */
		61353309174C1DDF005F2856 /* UIKit.framework in Frameworks */ = {isa = PBXBuildFile; fileRef = 61353308174C1DDF005F2856 /* UIKit.framework */; };
		6135330B174C1DDF005F2856 /* Foundation.framework in Frameworks */ = {isa = PBXBuildFile; fileRef = 6135330A174C1DDF005F2856 /* Foundation.framework */; };
		6135330D174C1DDF005F2856 /* CoreGraphics.framework in Frameworks */ = {isa = PBXBuildFile; fileRef = 6135330C174C1DDF005F2856 /* CoreGraphics.framework */; };
		61353313174C1DDF005F2856 /* InfoPlist.strings in Resources */ = {isa = PBXBuildFile; fileRef = 61353311174C1DDF005F2856 /* InfoPlist.strings */; };
		61353315174C1DDF005F2856 /* main.m in Sources */ = {isa = PBXBuildFile; fileRef = 61353314174C1DDF005F2856 /* main.m */; };
		61353319174C1DDF005F2856 /* AMAppDelegate.m in Sources */ = {isa = PBXBuildFile; fileRef = 61353318174C1DDF005F2856 /* AMAppDelegate.m */; };
		6135331B174C1DDF005F2856 /* Default.png in Resources */ = {isa = PBXBuildFile; fileRef = 6135331A174C1DDF005F2856 /* Default.png */; };
		6135331D174C1DDF005F2856 /* Default@2x.png in Resources */ = {isa = PBXBuildFile; fileRef = 6135331C174C1DDF005F2856 /* Default@2x.png */; };
		6135331F174C1DDF005F2856 /* Default-568h@2x.png in Resources */ = {isa = PBXBuildFile; fileRef = 6135331E174C1DDF005F2856 /* Default-568h@2x.png */; };
		61353327174C1E19005F2856 /* MBActionSheetView.m in Sources */ = {isa = PBXBuildFile; fileRef = 61353326174C1E19005F2856 /* MBActionSheetView.m */; };
		61353329174C1FA3005F2856 /* QuartzCore.framework in Frameworks */ = {isa = PBXBuildFile; fileRef = 61353328174C1FA3005F2856 /* QuartzCore.framework */; };
		6135332C174CCF9D005F2856 /* MBFontImage.m in Sources */ = {isa = PBXBuildFile; fileRef = 6135332B174CCF9D005F2856 /* MBFontImage.m */; };
		6135332E174CCFE9005F2856 /* Entypo.ttf in Resources */ = {isa = PBXBuildFile; fileRef = 6135332D174CCFE9005F2856 /* Entypo.ttf */; };
/* End PBXBuildFile section */

/* Begin PBXFileReference section */
		61353305174C1DDF005F2856 /* MailboxActionSheet.app */ = {isa = PBXFileReference; explicitFileType = wrapper.application; includeInIndex = 0; path = MailboxActionSheet.app; sourceTree = BUILT_PRODUCTS_DIR; };
		61353308174C1DDF005F2856 /* UIKit.framework */ = {isa = PBXFileReference; lastKnownFileType = wrapper.framework; name = UIKit.framework; path = System/Library/Frameworks/UIKit.framework; sourceTree = SDKROOT; };
		6135330A174C1DDF005F2856 /* Foundation.framework */ = {isa = PBXFileReference; lastKnownFileType = wrapper.framework; name = Foundation.framework; path = System/Library/Frameworks/Foundation.framework; sourceTree = SDKROOT; };
		6135330C174C1DDF005F2856 /* CoreGraphics.framework */ = {isa = PBXFileReference; lastKnownFileType = wrapper.framework; name = CoreGraphics.framework; path = System/Library/Frameworks/CoreGraphics.framework; sourceTree = SDKROOT; };
		61353310174C1DDF005F2856 /* MailboxActionSheet-Info.plist */ = {isa = PBXFileReference; lastKnownFileType = text.plist.xml; path = "MailboxActionSheet-Info.plist"; sourceTree = "<group>"; };
		61353312174C1DDF005F2856 /* en */ = {isa = PBXFileReference; lastKnownFileType = text.plist.strings; name = en; path = en.lproj/InfoPlist.strings; sourceTree = "<group>"; };
		61353314174C1DDF005F2856 /* main.m */ = {isa = PBXFileReference; lastKnownFileType = sourcecode.c.objc; path = main.m; sourceTree = "<group>"; };
		61353316174C1DDF005F2856 /* MailboxActionSheet-Prefix.pch */ = {isa = PBXFileReference; lastKnownFileType = sourcecode.c.h; path = "MailboxActionSheet-Prefix.pch"; sourceTree = "<group>"; };
		61353317174C1DDF005F2856 /* AMAppDelegate.h */ = {isa = PBXFileReference; lastKnownFileType = sourcecode.c.h; path = AMAppDelegate.h; sourceTree = "<group>"; };
		61353318174C1DDF005F2856 /* AMAppDelegate.m */ = {isa = PBXFileReference; lastKnownFileType = sourcecode.c.objc; path = AMAppDelegate.m; sourceTree = "<group>"; };
		6135331A174C1DDF005F2856 /* Default.png */ = {isa = PBXFileReference; lastKnownFileType = image.png; path = Default.png; sourceTree = "<group>"; };
		6135331C174C1DDF005F2856 /* Default@2x.png */ = {isa = PBXFileReference; lastKnownFileType = image.png; path = "Default@2x.png"; sourceTree = "<group>"; };
		6135331E174C1DDF005F2856 /* Default-568h@2x.png */ = {isa = PBXFileReference; lastKnownFileType = image.png; path = "Default-568h@2x.png"; sourceTree = "<group>"; };
		61353325174C1E19005F2856 /* MBActionSheetView.h */ = {isa = PBXFileReference; fileEncoding = 4; lastKnownFileType = sourcecode.c.h; path = MBActionSheetView.h; sourceTree = "<group>"; };
		61353326174C1E19005F2856 /* MBActionSheetView.m */ = {isa = PBXFileReference; fileEncoding = 4; lastKnownFileType = sourcecode.c.objc; path = MBActionSheetView.m; sourceTree = "<group>"; };
		61353328174C1FA3005F2856 /* QuartzCore.framework */ = {isa = PBXFileReference; lastKnownFileType = wrapper.framework; name = QuartzCore.framework; path = System/Library/Frameworks/QuartzCore.framework; sourceTree = SDKROOT; };
		6135332A174CCF9D005F2856 /* MBFontImage.h */ = {isa = PBXFileReference; fileEncoding = 4; lastKnownFileType = sourcecode.c.h; path = MBFontImage.h; sourceTree = "<group>"; };
		6135332B174CCF9D005F2856 /* MBFontImage.m */ = {isa = PBXFileReference; fileEncoding = 4; lastKnownFileType = sourcecode.c.objc; path = MBFontImage.m; sourceTree = "<group>"; };
		6135332D174CCFE9005F2856 /* Entypo.ttf */ = {isa = PBXFileReference; lastKnownFileType = file; path = Entypo.ttf; sourceTree = "<group>"; };
/* End PBXFileReference section */

/* Begin PBXFrameworksBuildPhase section */
		61353302174C1DDF005F2856 /* Frameworks */ = {
			isa = PBXFrameworksBuildPhase;
			buildActionMask = 2147483647;
			files = (
				61353329174C1FA3005F2856 /* QuartzCore.framework in Frameworks */,
				61353309174C1DDF005F2856 /* UIKit.framework in Frameworks */,
				6135330B174C1DDF005F2856 /* Foundation.framework in Frameworks */,
				6135330D174C1DDF005F2856 /* CoreGraphics.framework in Frameworks */,
			);
			runOnlyForDeploymentPostprocessing = 0;
		};
/* End PBXFrameworksBuildPhase section */

/* Begin PBXGroup section */
		613532FC174C1DDF005F2856 = {
			isa = PBXGroup;
			children = (
				6135330E174C1DDF005F2856 /* MailboxActionSheet */,
				61353307174C1DDF005F2856 /* Frameworks */,
				61353306174C1DDF005F2856 /* Products */,
			);
			sourceTree = "<group>";
		};
		61353306174C1DDF005F2856 /* Products */ = {
			isa = PBXGroup;
			children = (
				61353305174C1DDF005F2856 /* MailboxActionSheet.app */,
			);
			name = Products;
			sourceTree = "<group>";
		};
		61353307174C1DDF005F2856 /* Frameworks */ = {
			isa = PBXGroup;
			children = (
				61353328174C1FA3005F2856 /* QuartzCore.framework */,
				61353308174C1DDF005F2856 /* UIKit.framework */,
				6135330A174C1DDF005F2856 /* Foundation.framework */,
				6135330C174C1DDF005F2856 /* CoreGraphics.framework */,
			);
			name = Frameworks;
			sourceTree = "<group>";
		};
		6135330E174C1DDF005F2856 /* MailboxActionSheet */ = {
			isa = PBXGroup;
			children = (
				61353317174C1DDF005F2856 /* AMAppDelegate.h */,
				61353318174C1DDF005F2856 /* AMAppDelegate.m */,
				6135330F174C1DDF005F2856 /* Supporting Files */,
				61353325174C1E19005F2856 /* MBActionSheetView.h */,
				61353326174C1E19005F2856 /* MBActionSheetView.m */,
				6135332A174CCF9D005F2856 /* MBFontImage.h */,
				6135332B174CCF9D005F2856 /* MBFontImage.m */,
				6135332D174CCFE9005F2856 /* Entypo.ttf */,
			);
			path = MailboxActionSheet;
			sourceTree = "<group>";
		};
		6135330F174C1DDF005F2856 /* Supporting Files */ = {
			isa = PBXGroup;
			children = (
				61353310174C1DDF005F2856 /* MailboxActionSheet-Info.plist */,
				61353311174C1DDF005F2856 /* InfoPlist.strings */,
				61353314174C1DDF005F2856 /* main.m */,
				61353316174C1DDF005F2856 /* MailboxActionSheet-Prefix.pch */,
				6135331A174C1DDF005F2856 /* Default.png */,
				6135331C174C1DDF005F2856 /* Default@2x.png */,
				6135331E174C1DDF005F2856 /* Default-568h@2x.png */,
			);
			name = "Supporting Files";
			sourceTree = "<group>";
		};
/* End PBXGroup section */

/* Begin PBXNativeTarget section */
		61353304174C1DDF005F2856 /* MailboxActionSheet */ = {
			isa = PBXNativeTarget;
			buildConfigurationList = 61353322174C1DDF005F2856 /* Build configuration list for PBXNativeTarget "MailboxActionSheet" */;
			buildPhases = (
				61353301174C1DDF005F2856 /* Sources */,
				61353302174C1DDF005F2856 /* Frameworks */,
				61353303174C1DDF005F2856 /* Resources */,
			);
			buildRules = (
			);
			dependencies = (
			);
			name = MailboxActionSheet;
			productName = MailboxActionSheet;
			productReference = 61353305174C1DDF005F2856 /* MailboxActionSheet.app */;
			productType = "com.apple.product-type.application";
		};
/* End PBXNativeTarget section */

/* Begin PBXProject section */
		613532FD174C1DDF005F2856 /* Project object */ = {
			isa = PBXProject;
			attributes = {
				CLASSPREFIX = AM;
				LastUpgradeCheck = 0460;
				ORGANIZATIONNAME = amleszk;
			};
			buildConfigurationList = 61353300174C1DDF005F2856 /* Build configuration list for PBXProject "MailboxActionSheet" */;
			compatibilityVersion = "Xcode 3.2";
			developmentRegion = English;
			hasScannedForEncodings = 0;
			knownRegions = (
				en,
			);
			mainGroup = 613532FC174C1DDF005F2856;
			productRefGroup = 61353306174C1DDF005F2856 /* Products */;
			projectDirPath = "";
			projectRoot = "";
			targets = (
				61353304174C1DDF005F2856 /* MailboxActionSheet */,
			);
		};
/* End PBXProject section */

/* Begin PBXResourcesBuildPhase section */
		61353303174C1DDF005F2856 /* Resources */ = {
			isa = PBXResourcesBuildPhase;
			buildActionMask = 2147483647;
			files = (
				61353313174C1DDF005F2856 /* InfoPlist.strings in Resources */,
				6135331B174C1DDF005F2856 /* Default.png in Resources */,
				6135331D174C1DDF005F2856 /* Default@2x.png in Resources */,
				6135331F174C1DDF005F2856 /* Default-568h@2x.png in Resources */,
				6135332E174CCFE9005F2856 /* Entypo.ttf in Resources */,
			);
			runOnlyForDeploymentPostprocessing = 0;
		};
/* End PBXResourcesBuildPhase section */

/* Begin PBXSourcesBuildPhase section */
		61353301174C1DDF005F2856 /* Sources */ = {
			isa = PBXSourcesBuildPhase;
			buildActionMask = 2147483647;
			files = (
				61353315174C1DDF005F2856 /* main.m in Sources */,
				61353319174C1DDF005F2856 /* AMAppDelegate.m in Sources */,
				61353327174C1E19005F2856 /* MBActionSheetView.m in Sources */,
				6135332C174CCF9D005F2856 /* MBFontImage.m in Sources */,
			);
			runOnlyForDeploymentPostprocessing = 0;
		};
/* End PBXSourcesBuildPhase section */

/* Begin PBXVariantGroup section */
		61353311174C1DDF005F2856 /* InfoPlist.strings */ = {
			isa = PBXVariantGroup;
			children = (
				61353312174C1DDF005F2856 /* en */,
			);
			name = InfoPlist.strings;
			sourceTree = "<group>";
		};
/* End PBXVariantGroup section */

/* Begin XCBuildConfiguration section */
		61353320174C1DDF005F2856 /* Debug */ = {
			isa = XCBuildConfiguration;
			buildSettings = {
				ALWAYS_SEARCH_USER_PATHS = NO;
				CLANG_CXX_LANGUAGE_STANDARD = "gnu++0x";
				CLANG_CXX_LIBRARY = "libc++";
				CLANG_ENABLE_OBJC_ARC = YES;
				CLANG_WARN_CONSTANT_CONVERSION = YES;
				CLANG_WARN_EMPTY_BODY = YES;
				CLANG_WARN_ENUM_CONVERSION = YES;
				CLANG_WARN_INT_CONVERSION = YES;
				CLANG_WARN__DUPLICATE_METHOD_MATCH = YES;
				"CODE_SIGN_IDENTITY[sdk=iphoneos*]" = "iPhone Developer";
				COPY_PHASE_STRIP = NO;
				GCC_C_LANGUAGE_STANDARD = gnu99;
				GCC_DYNAMIC_NO_PIC = NO;
				GCC_OPTIMIZATION_LEVEL = 0;
				GCC_PREPROCESSOR_DEFINITIONS = (
					"DEBUG=1",
					"$(inherited)",
				);
				GCC_SYMBOLS_PRIVATE_EXTERN = NO;
				GCC_WARN_ABOUT_RETURN_TYPE = YES;
				GCC_WARN_UNINITIALIZED_AUTOS = YES;
				GCC_WARN_UNUSED_VARIABLE = YES;
				IPHONEOS_DEPLOYMENT_TARGET = 6.1;
				ONLY_ACTIVE_ARCH = YES;
				SDKROOT = iphoneos;
				TARGETED_DEVICE_FAMILY = "1,2";
			};
			name = Debug;
		};
		61353321174C1DDF005F2856 /* Release */ = {
			isa = XCBuildConfiguration;
			buildSettings = {
				ALWAYS_SEARCH_USER_PATHS = NO;
				CLANG_CXX_LANGUAGE_STANDARD = "gnu++0x";
				CLANG_CXX_LIBRARY = "libc++";
				CLANG_ENABLE_OBJC_ARC = YES;
				CLANG_WARN_CONSTANT_CONVERSION = YES;
				CLANG_WARN_EMPTY_BODY = YES;
				CLANG_WARN_ENUM_CONVERSION = YES;
				CLANG_WARN_INT_CONVERSION = YES;
				CLANG_WARN__DUPLICATE_METHOD_MATCH = YES;
				"CODE_SIGN_IDENTITY[sdk=iphoneos*]" = "iPhone Developer";
				COPY_PHASE_STRIP = YES;
				GCC_C_LANGUAGE_STANDARD = gnu99;
				GCC_WARN_ABOUT_RETURN_TYPE = YES;
				GCC_WARN_UNINITIALIZED_AUTOS = YES;
				GCC_WARN_UNUSED_VARIABLE = YES;
				IPHONEOS_DEPLOYMENT_TARGET = 6.1;
				OTHER_CFLAGS = "-DNS_BLOCK_ASSERTIONS=1";
				SDKROOT = iphoneos;
				TARGETED_DEVICE_FAMILY = "1,2";
				VALIDATE_PRODUCT = YES;
			};
			name = Release;
		};
		61353323174C1DDF005F2856 /* Debug */ = {
			isa = XCBuildConfiguration;
			buildSettings = {
				GCC_PRECOMPILE_PREFIX_HEADER = YES;
				GCC_PREFIX_HEADER = "MailboxActionSheet/MailboxActionSheet-Prefix.pch";
				INFOPLIST_FILE = "MailboxActionSheet/MailboxActionSheet-Info.plist";
				PRODUCT_NAME = "$(TARGET_NAME)";
				WRAPPER_EXTENSION = app;
			};
			name = Debug;
		};
		61353324174C1DDF005F2856 /* Release */ = {
			isa = XCBuildConfiguration;
			buildSettings = {
				GCC_PRECOMPILE_PREFIX_HEADER = YES;
				GCC_PREFIX_HEADER = "MailboxActionSheet/MailboxActionSheet-Prefix.pch";
				INFOPLIST_FILE = "MailboxActionSheet/MailboxActionSheet-Info.plist";
				PRODUCT_NAME = "$(TARGET_NAME)";
				WRAPPER_EXTENSION = app;
			};
			name = Release;
		};
/* End XCBuildConfiguration section */

/* Begin XCConfigurationList section */
		61353300174C1DDF005F2856 /* Build configuration list for PBXProject "MailboxActionSheet" */ = {
			isa = XCConfigurationList;
			buildConfigurations = (
				61353320174C1DDF005F2856 /* Debug */,
				61353321174C1DDF005F2856 /* Release */,
			);
			defaultConfigurationIsVisible = 0;
			defaultConfigurationName = Release;
		};
		61353322174C1DDF005F2856 /* Build configuration list for PBXNativeTarget "MailboxActionSheet" */ = {
			isa = XCConfigurationList;
			buildConfigurations = (
				61353323174C1DDF005F2856 /* Debug */,
				61353324174C1DDF005F2856 /* Release */,
			);
			defaultConfigurationIsVisible = 0;
			defaultConfigurationName = Release;
		};
/* End XCConfigurationList section */
	};
	rootObject = 613532FD174C1DDF005F2856 /* Project object */;
}
